
Microsoft Visual Studio Solution File, Format Version 12.00
# Visual Studio Version 17
VisualStudioVersion = 17.0.31903.59
MinimumVisualStudioVersion = 10.0.40219.1
Project("{2150E333-8FDC-42A3-9474-1A3956D46DE8}") = "src", "src", "{D2A32C2A-5AC4-408B-A9C1-3B8DDC1A9426}"
EndProject
Project("{9A19103F-16F7-4668-BE54-9A1E7A4F7556}") = "Application", "Application\Application.csproj", "{BADB3D47-BFBB-4F20-988E-1D146ACF9819}"
EndProject
Project("{9A19103F-16F7-4668-BE54-9A1E7A4F7556}") = "Domain", "Domain\Domain.csproj", "{B1A56389-48AC-408C-8B65-2559D7A46BF5}"
EndProject
Project("{9A19103F-16F7-4668-BE54-9A1E7A4F7556}") = "Infrastructure", "Infrastructure\Infrastructure.csproj", "{2167CE31-2535-4B64-8D8A-967317B7D4BE}"
EndProject
Project("{9A19103F-16F7-4668-BE54-9A1E7A4F7556}") = "Presentation", "Presentation\Presentation.csproj", "{99E83EFB-6757-4E1E-A71F-F149A02D7B89}"
EndProject
Project("{2150E333-8FDC-42A3-9474-1A3956D46DE8}") = "tests", "tests", "{CCACC64D-4919-4EC8-B6AD-CA17D896959E}"
EndProject
Project("{9A19103F-16F7-4668-BE54-9A1E7A4F7556}") = "Application.Test", "Application.Test\Application.Test.csproj", "{92F9BC1D-D08B-4571-9A90-86E868911FE0}"
EndProject
Project("{9A19103F-16F7-4668-BE54-9A1E7A4F7556}") = "Domain.Test", "Domain.Test\Domain.Test.csproj", "{97CE1D4D-9A3C-4461-A192-5959DEE875F5}"
EndProject
Project("{9A19103F-16F7-4668-BE54-9A1E7A4F7556}") = "Infrastructure.Test", "Infrastructure.Test\Infrastructure.Test.csproj", "{4E13A226-6496-41F1-A802-17D184D47AA0}"
EndProject
Project("{9A19103F-16F7-4668-BE54-9A1E7A4F7556}") = "Presentation.Test", "Presentation.Test\Presentation.Test.csproj", "{58409A82-103D-40C7-A90B-781C79B9B26F}"
EndProject
Project("{9A19103F-16F7-4668-BE54-9A1E7A4F7556}") = "Web", "Web\Web.csproj", "{E849034F-C7BD-4A56-9E8A-6E6F1EFF72A1}"
EndProject
Project("{9A19103F-16F7-4668-BE54-9A1E7A4F7556}") = "Architecture.Tests", "Architecture.Tests\Architecture.Tests.csproj", "{5A9311A0-0C3D-4DE9-9914-3447049407AF}"
EndProject
Project("{9A19103F-16F7-4668-BE54-9A1E7A4F7556}") = "Persistence", "Persistence\Persistence.csproj", "{7E6D8B83-5DAC-4D32-B6F7-712756885BF5}"
EndProject
Project("{2150E333-8FDC-42A3-9474-1A3956D46DE8}") = "Solution Items", "Solution Items", "{15AE226A-C658-4F4C-9DF8-A621F442DAC1}"
EndProject
Global
	GlobalSection(SolutionConfigurationPlatforms) = preSolution
		Debug|Any CPU = Debug|Any CPU
		Release|Any CPU = Release|Any CPU
	EndGlobalSection
	GlobalSection(ProjectConfigurationPlatforms) = postSolution
		{BADB3D47-BFBB-4F20-988E-1D146ACF9819}.Debug|Any CPU.ActiveCfg = Debug|Any CPU
		{BADB3D47-BFBB-4F20-988E-1D146ACF9819}.Debug|Any CPU.Build.0 = Debug|Any CPU
		{BADB3D47-BFBB-4F20-988E-1D146ACF9819}.Release|Any CPU.ActiveCfg = Release|Any CPU
		{BADB3D47-BFBB-4F20-988E-1D146ACF9819}.Release|Any CPU.Build.0 = Release|Any CPU
		{B1A56389-48AC-408C-8B65-2559D7A46BF5}.Debug|Any CPU.ActiveCfg = Debug|Any CPU
		{B1A56389-48AC-408C-8B65-2559D7A46BF5}.Debug|Any CPU.Build.0 = Debug|Any CPU
		{B1A56389-48AC-408C-8B65-2559D7A46BF5}.Release|Any CPU.ActiveCfg = Release|Any CPU
		{B1A56389-48AC-408C-8B65-2559D7A46BF5}.Release|Any CPU.Build.0 = Release|Any CPU
		{2167CE31-2535-4B64-8D8A-967317B7D4BE}.Debug|Any CPU.ActiveCfg = Debug|Any CPU
		{2167CE31-2535-4B64-8D8A-967317B7D4BE}.Debug|Any CPU.Build.0 = Debug|Any CPU
		{2167CE31-2535-4B64-8D8A-967317B7D4BE}.Release|Any CPU.ActiveCfg = Release|Any CPU
		{2167CE31-2535-4B64-8D8A-967317B7D4BE}.Release|Any CPU.Build.0 = Release|Any CPU
		{99E83EFB-6757-4E1E-A71F-F149A02D7B89}.Debug|Any CPU.ActiveCfg = Debug|Any CPU
		{99E83EFB-6757-4E1E-A71F-F149A02D7B89}.Debug|Any CPU.Build.0 = Debug|Any CPU
		{99E83EFB-6757-4E1E-A71F-F149A02D7B89}.Release|Any CPU.ActiveCfg = Release|Any CPU
		{99E83EFB-6757-4E1E-A71F-F149A02D7B89}.Release|Any CPU.Build.0 = Release|Any CPU
		{92F9BC1D-D08B-4571-9A90-86E868911FE0}.Debug|Any CPU.ActiveCfg = Debug|Any CPU
		{92F9BC1D-D08B-4571-9A90-86E868911FE0}.Debug|Any CPU.Build.0 = Debug|Any CPU
		{92F9BC1D-D08B-4571-9A90-86E868911FE0}.Release|Any CPU.ActiveCfg = Release|Any CPU
		{92F9BC1D-D08B-4571-9A90-86E868911FE0}.Release|Any CPU.Build.0 = Release|Any CPU
		{97CE1D4D-9A3C-4461-A192-5959DEE875F5}.Debug|Any CPU.ActiveCfg = Debug|Any CPU
		{97CE1D4D-9A3C-4461-A192-5959DEE875F5}.Debug|Any CPU.Build.0 = Debug|Any CPU
		{97CE1D4D-9A3C-4461-A192-5959DEE875F5}.Release|Any CPU.ActiveCfg = Release|Any CPU
		{97CE1D4D-9A3C-4461-A192-5959DEE875F5}.Release|Any CPU.Build.0 = Release|Any CPU
		{4E13A226-6496-41F1-A802-17D184D47AA0}.Debug|Any CPU.ActiveCfg = Debug|Any CPU
		{4E13A226-6496-41F1-A802-17D184D47AA0}.Debug|Any CPU.Build.0 = Debug|Any CPU
		{4E13A226-6496-41F1-A802-17D184D47AA0}.Release|Any CPU.ActiveCfg = Release|Any CPU
		{4E13A226-6496-41F1-A802-17D184D47AA0}.Release|Any CPU.Build.0 = Release|Any CPU
		{58409A82-103D-40C7-A90B-781C79B9B26F}.Debug|Any CPU.ActiveCfg = Debug|Any CPU
		{58409A82-103D-40C7-A90B-781C79B9B26F}.Debug|Any CPU.Build.0 = Debug|Any CPU
		{58409A82-103D-40C7-A90B-781C79B9B26F}.Release|Any CPU.ActiveCfg = Release|Any CPU
		{58409A82-103D-40C7-A90B-781C79B9B26F}.Release|Any CPU.Build.0 = Release|Any CPU
		{E849034F-C7BD-4A56-9E8A-6E6F1EFF72A1}.Debug|Any CPU.ActiveCfg = Debug|Any CPU
		{E849034F-C7BD-4A56-9E8A-6E6F1EFF72A1}.Debug|Any CPU.Build.0 = Debug|Any CPU
		{E849034F-C7BD-4A56-9E8A-6E6F1EFF72A1}.Release|Any CPU.ActiveCfg = Release|Any CPU
		{E849034F-C7BD-4A56-9E8A-6E6F1EFF72A1}.Release|Any CPU.Build.0 = Release|Any CPU
		{5A9311A0-0C3D-4DE9-9914-3447049407AF}.Debug|Any CPU.ActiveCfg = Debug|Any CPU
		{5A9311A0-0C3D-4DE9-9914-3447049407AF}.Debug|Any CPU.Build.0 = Debug|Any CPU
		{5A9311A0-0C3D-4DE9-9914-3447049407AF}.Release|Any CPU.ActiveCfg = Release|Any CPU
		{5A9311A0-0C3D-4DE9-9914-3447049407AF}.Release|Any CPU.Build.0 = Release|Any CPU
		{7E6D8B83-5DAC-4D32-B6F7-712756885BF5}.Debug|Any CPU.ActiveCfg = Debug|Any CPU
		{7E6D8B83-5DAC-4D32-B6F7-712756885BF5}.Debug|Any CPU.Build.0 = Debug|Any CPU
		{7E6D8B83-5DAC-4D32-B6F7-712756885BF5}.Release|Any CPU.ActiveCfg = Release|Any CPU
		{7E6D8B83-5DAC-4D32-B6F7-712756885BF5}.Release|Any CPU.Build.0 = Release|Any CPU
	EndGlobalSection
	GlobalSection(SolutionProperties) = preSolution
		HideSolutionNode = FALSE
	EndGlobalSection
	GlobalSection(NestedProjects) = preSolution
		{BADB3D47-BFBB-4F20-988E-1D146ACF9819} = {D2A32C2A-5AC4-408B-A9C1-3B8DDC1A9426}
		{B1A56389-48AC-408C-8B65-2559D7A46BF5} = {D2A32C2A-5AC4-408B-A9C1-3B8DDC1A9426}
		{2167CE31-2535-4B64-8D8A-967317B7D4BE} = {D2A32C2A-5AC4-408B-A9C1-3B8DDC1A9426}
		{99E83EFB-6757-4E1E-A71F-F149A02D7B89} = {D2A32C2A-5AC4-408B-A9C1-3B8DDC1A9426}
		{92F9BC1D-D08B-4571-9A90-86E868911FE0} = {CCACC64D-4919-4EC8-B6AD-CA17D896959E}
		{97CE1D4D-9A3C-4461-A192-5959DEE875F5} = {CCACC64D-4919-4EC8-B6AD-CA17D896959E}
		{4E13A226-6496-41F1-A802-17D184D47AA0} = {CCACC64D-4919-4EC8-B6AD-CA17D896959E}
		{58409A82-103D-40C7-A90B-781C79B9B26F} = {CCACC64D-4919-4EC8-B6AD-CA17D896959E}
		{E849034F-C7BD-4A56-9E8A-6E6F1EFF72A1} = {D2A32C2A-5AC4-408B-A9C1-3B8DDC1A9426}
		{5A9311A0-0C3D-4DE9-9914-3447049407AF} = {CCACC64D-4919-4EC8-B6AD-CA17D896959E}
		{7E6D8B83-5DAC-4D32-B6F7-712756885BF5} = {D2A32C2A-5AC4-408B-A9C1-3B8DDC1A9426}
	EndGlobalSection
	GlobalSection(ExtensibilityGlobals) = postSolution
		SolutionGuid = {D850B221-7CEF-4AED-81C1-CF41B97E8A1C}
	EndGlobalSection
EndGlobal
