
Microsoft Visual Studio Solution File, Format Version 12.00
# Visual Studio Version 17
VisualStudioVersion = 17.0.31903.59
MinimumVisualStudioVersion = 10.0.40219.1
Project("{2150E333-8FDC-42A3-9474-1A3956D46DE8}") = "src", "src", "{479E12D2-81DB-4D74-9D27-69F29972CD66}"
EndProject
Project("{2150E333-8FDC-42A3-9474-1A3956D46DE8}") = "Core", "Core", "{84AA9F94-A38F-4A67-85A8-F1A4BD3CEBFA}"
EndProject
Project("{9A19103F-16F7-4668-BE54-9A1E7A4F7556}") = "Domain", "src\Core\Domain\Domain.csproj", "{FA80D8F6-708B-4539-B840-273D86B64D4D}"
EndProject
Project("{FAE04EC0-301F-11D3-BF4B-00C04F79EFBC}") = "Application", "src\core\Application\Application.csproj", "{5EA1CDB5-F886-4B15-824F-BB21A6CD9B29}"
EndProject
Project("{2150E333-8FDC-42A3-9474-1A3956D46DE8}") = "External", "External", "{27307D15-7440-4E40-ABC8-9BB1C4EDD620}"
EndProject
Project("{FAE04EC0-301F-11D3-BF4B-00C04F79EFBC}") = "Infrastructure", "src\External\Infrastructure\Infrastructure.csproj", "{997F8D18-5E28-4403-9B79-5937CDB1AAB1}"
EndProject
Project("{FAE04EC0-301F-11D3-BF4B-00C04F79EFBC}") = "Presentation", "src\External\Presentation\Presentation.csproj", "{50C52859-F30D-4FAA-A135-CDB029452240}"
EndProject
Global
	GlobalSection(SolutionConfigurationPlatforms) = preSolution
		Debug|Any CPU = Debug|Any CPU
		Release|Any CPU = Release|Any CPU
	EndGlobalSection
	GlobalSection(ProjectConfigurationPlatforms) = postSolution
		{FA80D8F6-708B-4539-B840-273D86B64D4D}.Debug|Any CPU.ActiveCfg = Debug|Any CPU
		{FA80D8F6-708B-4539-B840-273D86B64D4D}.Debug|Any CPU.Build.0 = Debug|Any CPU
		{FA80D8F6-708B-4539-B840-273D86B64D4D}.Release|Any CPU.ActiveCfg = Release|Any CPU
		{FA80D8F6-708B-4539-B840-273D86B64D4D}.Release|Any CPU.Build.0 = Release|Any CPU
		{5EA1CDB5-F886-4B15-824F-BB21A6CD9B29}.Debug|Any CPU.ActiveCfg = Debug|Any CPU
		{5EA1CDB5-F886-4B15-824F-BB21A6CD9B29}.Debug|Any CPU.Build.0 = Debug|Any CPU
		{5EA1CDB5-F886-4B15-824F-BB21A6CD9B29}.Release|Any CPU.ActiveCfg = Release|Any CPU
		{5EA1CDB5-F886-4B15-824F-BB21A6CD9B29}.Release|Any CPU.Build.0 = Release|Any CPU
		{997F8D18-5E28-4403-9B79-5937CDB1AAB1}.Debug|Any CPU.ActiveCfg = Debug|Any CPU
		{997F8D18-5E28-4403-9B79-5937CDB1AAB1}.Debug|Any CPU.Build.0 = Debug|Any CPU
		{997F8D18-5E28-4403-9B79-5937CDB1AAB1}.Release|Any CPU.ActiveCfg = Release|Any CPU
		{997F8D18-5E28-4403-9B79-5937CDB1AAB1}.Release|Any CPU.Build.0 = Release|Any CPU
		{50C52859-F30D-4FAA-A135-CDB029452240}.Debug|Any CPU.ActiveCfg = Debug|Any CPU
		{50C52859-F30D-4FAA-A135-CDB029452240}.Debug|Any CPU.Build.0 = Debug|Any CPU
		{50C52859-F30D-4FAA-A135-CDB029452240}.Release|Any CPU.ActiveCfg = Release|Any CPU
		{50C52859-F30D-4FAA-A135-CDB029452240}.Release|Any CPU.Build.0 = Release|Any CPU
	EndGlobalSection
	GlobalSection(SolutionProperties) = preSolution
		HideSolutionNode = FALSE
	EndGlobalSection
	GlobalSection(NestedProjects) = preSolution
		{84AA9F94-A38F-4A67-85A8-F1A4BD3CEBFA} = {479E12D2-81DB-4D74-9D27-69F29972CD66}
		{FA80D8F6-708B-4539-B840-273D86B64D4D} = {84AA9F94-A38F-4A67-85A8-F1A4BD3CEBFA}
		{5EA1CDB5-F886-4B15-824F-BB21A6CD9B29} = {84AA9F94-A38F-4A67-85A8-F1A4BD3CEBFA}
		{27307D15-7440-4E40-ABC8-9BB1C4EDD620} = {479E12D2-81DB-4D74-9D27-69F29972CD66}
		{997F8D18-5E28-4403-9B79-5937CDB1AAB1} = {27307D15-7440-4E40-ABC8-9BB1C4EDD620}
		{50C52859-F30D-4FAA-A135-CDB029452240} = {27307D15-7440-4E40-ABC8-9BB1C4EDD620}
	EndGlobalSection
	GlobalSection(ExtensibilityGlobals) = postSolution
		SolutionGuid = {D850B221-7CEF-4AED-81C1-CF41B97E8A1C}
	EndGlobalSection
EndGlobal
